
Microsoft Visual Studio Solution File, Format Version 12.00
# Visual Studio Version 17
VisualStudioVersion = 17.14.36121.58 d17.14
MinimumVisualStudioVersion = 10.0.40219.1
Project("{FAE04EC0-301F-11D3-BF4B-00C04F79EFBC}") = "WebAppRemoteAccess", "WebAppRemoteAccess.csproj", "{968D38E5-4E31-4FC4-BCF0-ED528305223E}"
EndProject
Global
	GlobalSection(SolutionConfigurationPlatforms) = preSolution
		Debug|Any CPU = Debug|Any CPU
		Release|Any CPU = Release|Any CPU
	EndGlobalSection
	GlobalSection(ProjectConfigurationPlatforms) = postSolution
		{968D38E5-4E31-4FC4-BCF0-ED528305223E}.Debug|Any CPU.ActiveCfg = Debug|Any CPU
		{968D38E5-4E31-4FC4-BCF0-ED528305223E}.Debug|Any CPU.Build.0 = Debug|Any CPU
		{968D38E5-4E31-4FC4-BCF0-ED528305223E}.Release|Any CPU.ActiveCfg = Release|Any CPU
		{968D38E5-4E31-4FC4-BCF0-ED528305223E}.Release|Any CPU.Build.0 = Release|Any CPU
	EndGlobalSection
	GlobalSection(SolutionProperties) = preSolution
		HideSolutionNode = FALSE
	EndGlobalSection
	GlobalSection(ExtensibilityGlobals) = postSolution
		SolutionGuid = {5F804AD8-4F48-4528-A044-B3BC0CCE9509}
	EndGlobalSection
EndGlobal
